Microsoft Visual Studio Solution File, Format Version 12.00
# Visual Studio Version 17
VisualStudioVersion = 17.2.32505.173
MinimumVisualStudioVersion = 10.0.40219.1
Project("{2150E333-8FDC-42A3-9474-1A3956D46DE8}") = ".github", ".github", "{94A03BF0-4CCF-4CB6-990D-C2126176F55C}"
	ProjectSection(SolutionItems) = preProject
		..\.github\PULL_REQUEST_TEMPLATE.md = ..\.github\PULL_REQUEST_TEMPLATE.md
	EndProjectSection
EndProject
Project("{2150E333-8FDC-42A3-9474-1A3956D46DE8}") = "ISSUE_TEMPLATE", "ISSUE_TEMPLATE", "{DE911B4D-5A26-45BF-A041-CEF72BEECAA0}"
	ProjectSection(SolutionItems) = preProject
		..\.github\ISSUE_TEMPLATE\bug.md = ..\.github\ISSUE_TEMPLATE\bug.md
		..\.github\ISSUE_TEMPLATE\config.md = ..\.github\ISSUE_TEMPLATE\config.md
		..\.github\ISSUE_TEMPLATE\documentation.md = ..\.github\ISSUE_TEMPLATE\documentation.md
		..\.github\ISSUE_TEMPLATE\enhancement.md = ..\.github\ISSUE_TEMPLATE\enhancement.md
		..\.github\ISSUE_TEMPLATE\feature.md = ..\.github\ISSUE_TEMPLATE\feature.md
		..\.github\ISSUE_TEMPLATE\question.md = ..\.github\ISSUE_TEMPLATE\question.md
	EndProjectSection
EndProject
Project("{2150E333-8FDC-42A3-9474-1A3956D46DE8}") = "workflows", "workflows", "{F729507C-B49B-48BD-9884-E2F056658A63}"
	ProjectSection(SolutionItems) = preProject
		..\.github\workflows\pipeline.yml = ..\.github\workflows\pipeline.yml
	EndProjectSection
EndProject
Project("{2150E333-8FDC-42A3-9474-1A3956D46DE8}") = "build", "build", "{FE11D99F-A094-42A4-9DA4-EFEFA413F674}"
EndProject
Project("{2150E333-8FDC-42A3-9474-1A3956D46DE8}") = "scripts", "scripts", "{3089347D-9E13-4707-A3C6-A7D786BE6369}"
	ProjectSection(SolutionItems) = preProject
		..\build\scripts\bootstrap.ps1 = ..\build\scripts\bootstrap.ps1
		..\build\scripts\bootstrap.sh = ..\build\scripts\bootstrap.sh
		..\build\scripts\cake.cs = ..\build\scripts\cake.cs
	EndProjectSection
EndProject
Project("{2150E333-8FDC-42A3-9474-1A3956D46DE8}") = "docs", "docs", "{82394A02-1436-428F-B29E-5C3AD4CE597B}"
	ProjectSection(SolutionItems) = preProject
		..\docs\CODE_OF_CONDUCT.md = ..\docs\CODE_OF_CONDUCT.md
		..\docs\configuration.md = ..\docs\configuration.md
		..\docs\CONTRIBUTING.md = ..\docs\CONTRIBUTING.md
		..\docs\README.md = ..\docs\README.md
		..\docs\syslog-message-format.md = ..\docs\syslog-message-format.md
		..\docs\test-bench.md = ..\docs\test-bench.md
	EndProjectSection
EndProject
Project("{2150E333-8FDC-42A3-9474-1A3956D46DE8}") = "Solution items", "Solution items", "{37F84F7C-A60C-4FCE-A629-8D6829777961}"
	ProjectSection(SolutionItems) = preProject
		..\LICENSE = ..\LICENSE
	EndProjectSection
EndProject
Project("{9A19103F-16F7-4668-BE54-9A1E7A4F7556}") = "FakeSyslogServer", "FakeSyslogServer\FakeSyslogServer.csproj", "{38722095-C8E7-496F-8126-AF17790B8A6E}"
EndProject
Project("{9A19103F-16F7-4668-BE54-9A1E7A4F7556}") = "NLog.Targets.Syslog", "NLog.Targets.Syslog\NLog.Targets.Syslog.csproj", "{48481129-C37F-4F9B-82FC-2A467FC6EC81}"
EndProject
Project("{9A19103F-16F7-4668-BE54-9A1E7A4F7556}") = "TestAppWithGUI", "TestAppWithGUI\TestAppWithGUI.csproj", "{FEDBC211-287E-4D64-B111-594D1CB7C54B}"
EndProject
Project("{9A19103F-16F7-4668-BE54-9A1E7A4F7556}") = "TestAppWithTUI", "TestAppWithTUI\TestAppWithTUI.csproj", "{1321F38E-8905-49B7-8D9A-4ECDD85253FF}"
EndProject
Project("{9A19103F-16F7-4668-BE54-9A1E7A4F7556}") = "NLog.Targets.Syslog.Schema", "NLog.Targets.Syslog.Schema\NLog.Targets.Syslog.Schema.csproj", "{7C0389AC-BC08-4C76-97CA-8FC405BDC53A}"
EndProject
Global
	GlobalSection(SolutionConfigurationPlatforms) = preSolution
		Debug|Any CPU = Debug|Any CPU
		Release|Any CPU = Release|Any CPU
		ReleaseCrossPlatform|Any CPU = ReleaseCrossPlatform|Any CPU
	EndGlobalSection
	GlobalSection(ProjectConfigurationPlatforms) = postSolution
		{38722095-C8E7-496F-8126-AF17790B8A6E}.Debug|Any CPU.ActiveCfg = Debug|Any CPU
		{38722095-C8E7-496F-8126-AF17790B8A6E}.Debug|Any CPU.Build.0 = Debug|Any CPU
		{38722095-C8E7-496F-8126-AF17790B8A6E}.Release|Any CPU.ActiveCfg = Release|Any CPU
		{38722095-C8E7-496F-8126-AF17790B8A6E}.Release|Any CPU.Build.0 = Release|Any CPU
		{38722095-C8E7-496F-8126-AF17790B8A6E}.ReleaseCrossPlatform|Any CPU.ActiveCfg = Release|Any CPU
		{38722095-C8E7-496F-8126-AF17790B8A6E}.ReleaseCrossPlatform|Any CPU.Build.0 = Release|Any CPU
		{48481129-C37F-4F9B-82FC-2A467FC6EC81}.Debug|Any CPU.ActiveCfg = Debug|Any CPU
		{48481129-C37F-4F9B-82FC-2A467FC6EC81}.Debug|Any CPU.Build.0 = Debug|Any CPU
		{48481129-C37F-4F9B-82FC-2A467FC6EC81}.Release|Any CPU.ActiveCfg = Release|Any CPU
		{48481129-C37F-4F9B-82FC-2A467FC6EC81}.Release|Any CPU.Build.0 = Release|Any CPU
		{48481129-C37F-4F9B-82FC-2A467FC6EC81}.ReleaseCrossPlatform|Any CPU.ActiveCfg = Release|Any CPU
		{48481129-C37F-4F9B-82FC-2A467FC6EC81}.ReleaseCrossPlatform|Any CPU.Build.0 = Release|Any CPU
		{FEDBC211-287E-4D64-B111-594D1CB7C54B}.Debug|Any CPU.ActiveCfg = Debug|Any CPU
		{FEDBC211-287E-4D64-B111-594D1CB7C54B}.Debug|Any CPU.Build.0 = Debug|Any CPU
		{FEDBC211-287E-4D64-B111-594D1CB7C54B}.Release|Any CPU.ActiveCfg = Release|Any CPU
		{FEDBC211-287E-4D64-B111-594D1CB7C54B}.Release|Any CPU.Build.0 = Release|Any CPU
		{FEDBC211-287E-4D64-B111-594D1CB7C54B}.ReleaseCrossPlatform|Any CPU.ActiveCfg = Release|Any CPU
		{1321F38E-8905-49B7-8D9A-4ECDD85253FF}.Debug|Any CPU.ActiveCfg = Debug|Any CPU
		{1321F38E-8905-49B7-8D9A-4ECDD85253FF}.Debug|Any CPU.Build.0 = Debug|Any CPU
		{1321F38E-8905-49B7-8D9A-4ECDD85253FF}.Release|Any CPU.ActiveCfg = Release|Any CPU
		{1321F38E-8905-49B7-8D9A-4ECDD85253FF}.Release|Any CPU.Build.0 = Release|Any CPU
		{1321F38E-8905-49B7-8D9A-4ECDD85253FF}.ReleaseCrossPlatform|Any CPU.ActiveCfg = Release|Any CPU
		{1321F38E-8905-49B7-8D9A-4ECDD85253FF}.ReleaseCrossPlatform|Any CPU.Build.0 = Release|Any CPU
		{7C0389AC-BC08-4C76-97CA-8FC405BDC53A}.Debug|Any CPU.ActiveCfg = Debug|Any CPU
		{7C0389AC-BC08-4C76-97CA-8FC405BDC53A}.Debug|Any CPU.Build.0 = Debug|Any CPU
		{7C0389AC-BC08-4C76-97CA-8FC405BDC53A}.Release|Any CPU.ActiveCfg = Release|Any CPU
		{7C0389AC-BC08-4C76-97CA-8FC405BDC53A}.Release|Any CPU.Build.0 = Release|Any CPU
		{7C0389AC-BC08-4C76-97CA-8FC405BDC53A}.ReleaseCrossPlatform|Any CPU.ActiveCfg = Release|Any CPU
		{7C0389AC-BC08-4C76-97CA-8FC405BDC53A}.ReleaseCrossPlatform|Any CPU.Build.0 = Release|Any CPU
	EndGlobalSection
	GlobalSection(SolutionProperties) = preSolution
		HideSolutionNode = FALSE
	EndGlobalSection
	GlobalSection(NestedProjects) = preSolution
		{94A03BF0-4CCF-4CB6-990D-C2126176F55C} = {37F84F7C-A60C-4FCE-A629-8D6829777961}
		{DE911B4D-5A26-45BF-A041-CEF72BEECAA0} = {94A03BF0-4CCF-4CB6-990D-C2126176F55C}
		{F729507C-B49B-48BD-9884-E2F056658A63} = {94A03BF0-4CCF-4CB6-990D-C2126176F55C}
		{FE11D99F-A094-42A4-9DA4-EFEFA413F674} = {37F84F7C-A60C-4FCE-A629-8D6829777961}
		{3089347D-9E13-4707-A3C6-A7D786BE6369} = {FE11D99F-A094-42A4-9DA4-EFEFA413F674}
		{82394A02-1436-428F-B29E-5C3AD4CE597B} = {37F84F7C-A60C-4FCE-A629-8D6829777961}
	EndGlobalSection
	GlobalSection(ExtensibilityGlobals) = postSolution
		SolutionGuid = {2D2B5C8D-A77F-436A-8836-1D45D2BFA3DD}
	EndGlobalSection
EndGlobal
