Microsoft Visual Studio Solution File, Format Version 12.00
# Visual Studio Version 16
VisualStudioVersion = 16.0.30204.135
MinimumVisualStudioVersion = 10.0.40219.1
Project("{2150E333-8FDC-42A3-9474-1A3956D46DE8}") = "Solution items", "Solution items", "{37F84F7C-A60C-4FCE-A629-8D6829777961}"
	ProjectSection(SolutionItems) = preProject
		..\.travis.yml = ..\.travis.yml
		..\appveyor.yml = ..\appveyor.yml
		..\LICENSE = ..\LICENSE
		..\README.md = ..\README.md
	EndProjectSection
EndProject
Project("{2150E333-8FDC-42A3-9474-1A3956D46DE8}") = "build", "build", "{FE11D99F-A094-42A4-9DA4-EFEFA413F674}"
EndProject
Project("{2150E333-8FDC-42A3-9474-1A3956D46DE8}") = "scripts", "scripts", "{3089347D-9E13-4707-A3C6-A7D786BE6369}"
	ProjectSection(SolutionItems) = preProject
		..\build\scripts\bootstrap.ps1 = ..\build\scripts\bootstrap.ps1
		..\build\scripts\bootstrap.sh = ..\build\scripts\bootstrap.sh
		..\build\scripts\cake.cs = ..\build\scripts\cake.cs
	EndProjectSection
EndProject
Project("{9A19103F-16F7-4668-BE54-9A1E7A4F7556}") = "FakeSyslogServer", "FakeSyslogServer\FakeSyslogServer.csproj", "{38722095-C8E7-496F-8126-AF17790B8A6E}"
EndProject
Project("{9A19103F-16F7-4668-BE54-9A1E7A4F7556}") = "NLog.Targets.Syslog", "NLog.Targets.Syslog\NLog.Targets.Syslog.csproj", "{48481129-C37F-4F9B-82FC-2A467FC6EC81}"
EndProject
Project("{9A19103F-16F7-4668-BE54-9A1E7A4F7556}") = "TestAppWithGUI", "TestAppWithGUI\TestAppWithGUI.csproj", "{FEDBC211-287E-4D64-B111-594D1CB7C54B}"
EndProject
Project("{9A19103F-16F7-4668-BE54-9A1E7A4F7556}") = "TestAppWithTUI", "TestAppWithTUI\TestAppWithTUI.csproj", "{1321F38E-8905-49B7-8D9A-4ECDD85253FF}"
EndProject
Project("{9A19103F-16F7-4668-BE54-9A1E7A4F7556}") = "NLog.Targets.Syslog.Schema", "NLog.Targets.Syslog.Schema\NLog.Targets.Syslog.Schema.csproj", "{7C0389AC-BC08-4C76-97CA-8FC405BDC53A}"
EndProject
Global
	GlobalSection(SolutionConfigurationPlatforms) = preSolution
		Debug|Any CPU = Debug|Any CPU
		Release|Any CPU = Release|Any CPU
	EndGlobalSection
	GlobalSection(ProjectConfigurationPlatforms) = postSolution
		{38722095-C8E7-496F-8126-AF17790B8A6E}.Debug|Any CPU.ActiveCfg = Debug|Any CPU
		{38722095-C8E7-496F-8126-AF17790B8A6E}.Debug|Any CPU.Build.0 = Debug|Any CPU
		{38722095-C8E7-496F-8126-AF17790B8A6E}.Release|Any CPU.ActiveCfg = Release|Any CPU
		{38722095-C8E7-496F-8126-AF17790B8A6E}.Release|Any CPU.Build.0 = Release|Any CPU
		{48481129-C37F-4F9B-82FC-2A467FC6EC81}.Debug|Any CPU.ActiveCfg = Debug|Any CPU
		{48481129-C37F-4F9B-82FC-2A467FC6EC81}.Debug|Any CPU.Build.0 = Debug|Any CPU
		{48481129-C37F-4F9B-82FC-2A467FC6EC81}.Release|Any CPU.ActiveCfg = Release|Any CPU
		{48481129-C37F-4F9B-82FC-2A467FC6EC81}.Release|Any CPU.Build.0 = Release|Any CPU
		{FEDBC211-287E-4D64-B111-594D1CB7C54B}.Debug|Any CPU.ActiveCfg = Debug|Any CPU
		{FEDBC211-287E-4D64-B111-594D1CB7C54B}.Debug|Any CPU.Build.0 = Debug|Any CPU
		{FEDBC211-287E-4D64-B111-594D1CB7C54B}.Release|Any CPU.ActiveCfg = Release|Any CPU
		{FEDBC211-287E-4D64-B111-594D1CB7C54B}.Release|Any CPU.Build.0 = Release|Any CPU
		{1321F38E-8905-49B7-8D9A-4ECDD85253FF}.Debug|Any CPU.ActiveCfg = Debug|Any CPU
		{1321F38E-8905-49B7-8D9A-4ECDD85253FF}.Debug|Any CPU.Build.0 = Debug|Any CPU
		{1321F38E-8905-49B7-8D9A-4ECDD85253FF}.Release|Any CPU.ActiveCfg = Release|Any CPU
		{1321F38E-8905-49B7-8D9A-4ECDD85253FF}.Release|Any CPU.Build.0 = Release|Any CPU
		{7C0389AC-BC08-4C76-97CA-8FC405BDC53A}.Debug|Any CPU.ActiveCfg = Debug|Any CPU
		{7C0389AC-BC08-4C76-97CA-8FC405BDC53A}.Debug|Any CPU.Build.0 = Debug|Any CPU
		{7C0389AC-BC08-4C76-97CA-8FC405BDC53A}.Release|Any CPU.ActiveCfg = Release|Any CPU
		{7C0389AC-BC08-4C76-97CA-8FC405BDC53A}.Release|Any CPU.Build.0 = Release|Any CPU
	EndGlobalSection
	GlobalSection(SolutionProperties) = preSolution
		HideSolutionNode = FALSE
	EndGlobalSection
	GlobalSection(NestedProjects) = preSolution
		{FE11D99F-A094-42A4-9DA4-EFEFA413F674} = {37F84F7C-A60C-4FCE-A629-8D6829777961}
		{3089347D-9E13-4707-A3C6-A7D786BE6369} = {FE11D99F-A094-42A4-9DA4-EFEFA413F674}
	EndGlobalSection
	GlobalSection(ExtensibilityGlobals) = postSolution
		SolutionGuid = {2D2B5C8D-A77F-436A-8836-1D45D2BFA3DD}
	EndGlobalSection
EndGlobal
